{
  "requires": true,
  "lockfileVersion": 1,
  "dependencies": {
    "admin-lte": {
      "version": "2.3.11",
      "resolved": "https://registry.npmjs.org/admin-lte/-/admin-lte-2.3.11.tgz",
      "integrity": "sha1-2lbc001C6e8a82K+FVIKBTqdQ9s="
    },
    "animate.css": {
      "version": "3.5.2",
      "resolved": "https://registry.npmjs.org/animate.css/-/animate.css-3.5.2.tgz",
      "integrity": "sha1-keZo3AaagI5eSZUUhnuXquAWbDY="
    },
    "bootstrap": {
      "version": "3.3.7",
      "resolved": "https://registry.npmjs.org/bootstrap/-/bootstrap-3.3.7.tgz",
      "integrity": "sha1-WjiTlFSfIzMIdaOxUGVldPip63E="
    },
    "clipboard": {
      "version": "1.5.16",
      "resolved": "https://registry.npmjs.org/clipboard/-/clipboard-1.5.16.tgz",
      "integrity": "sha1-kW1ec5sAZL5hsLSKU1cx7K7z02c="
    },
    "cross-env": {
      "version": "5.0.1",
      "resolved": "https://registry.npmjs.org/cross-env/-/cross-env-5.0.1.tgz",
      "integrity": "sha1-/05y6kO0faJIa0On8gQ7JgnkSRM="
    },
    "datatables.net": {
      "version": "1.10.22",
      "resolved": "https://registry.npmjs.org/datatables.net/-/datatables.net-1.10.22.tgz",
      "integrity": "sha512-ujn8GvkQIBYzYH54XY7OrI0Zb35TKRd9ABYfbnXgBfwTGIFT6UsmXrfHU5Yk+MSDoF0sDu2TB+31V6c+zUZ0Pw==",
      "requires": {
        "jquery": ">=1.7"
      }
    },
    "datatables.net-bs": {
      "version": "1.10.15",
      "resolved": "https://registry.npmjs.org/datatables.net-bs/-/datatables.net-bs-1.10.15.tgz",
      "integrity": "sha1-ssImEAfYTKW1q/VsGO3CJ+DaGk0="
    },
    "font-awesome": {
      "version": "4.7.0",
      "resolved": "https://registry.npmjs.org/font-awesome/-/font-awesome-4.7.0.tgz",
      "integrity": "sha1-j6jPBBGhoxr9B7BtKQK7n8gVoTM="
    },
    "gridstack": {
      "version": "0.3.0",
      "resolved": "https://registry.npmjs.org/gridstack/-/gridstack-0.3.0.tgz",
      "integrity": "sha1-vhx4kfP70q9g+dYPTH1RejDTu3g="
    },
    "icheck": {
      "version": "1.0.2",
      "resolved": "https://registry.npmjs.org/icheck/-/icheck-1.0.2.tgz",
      "integrity": "sha1-BtCNo9R65EjBU7Jjm4bprX/fcSg="
    },
    "jquery": {
      "version": "3.2.1",
      "resolved": "https://registry.npmjs.org/jquery/-/jquery-3.2.1.tgz",
      "integrity": "sha1-XE2d5lKvbNCncBVKYxu6ErAVx4c="
    },
    "laravel-mix": {
      "version": "1.0.7",
      "resolved": "https://registry.npmjs.org/laravel-mix/-/laravel-mix-1.0.7.tgz",
      "integrity": "sha512-rZjx4Gc9ngqej/sVPeegZPyF02HWQOUXuP+xURtTwJ9/0NEMz3VPHiIxOywEJKzxEMyrp5YJtN30q8kwrXebTw=="
    },
    "less": {
      "version": "2.7.2",
      "resolved": "https://registry.npmjs.org/less/-/less-2.7.2.tgz",
      "integrity": "sha1-No1sxz4fsDmBGDKAkYdDxdz5s98="
    },
    "less-loader": {
      "version": "4.0.4",
      "resolved": "https://registry.npmjs.org/less-loader/-/less-loader-4.0.4.tgz",
      "integrity": "sha1-tKjEOEPmXGfS6i6xRltcQjPVAGo=",
      "dependencies": {
        "clone": {
          "version": "2.1.1",
          "resolved": "https://registry.npmjs.org/clone/-/clone-2.1.1.tgz",
          "integrity": "sha1-0hfR6WERjjrJpLi7oyhVU79kfNs="
        }
      }
    },
    "simplemde": {
      "version": "1.9.0",
      "resolved": "https://registry.npmjs.org/simplemde/-/simplemde-1.9.0.tgz",
      "integrity": "sha1-D9kOizyb03SsUAJEo3uqoyo5o/I=",
      "dependencies": {
        "marked": {
          "version": "0.3.5",
          "resolved": "https://registry.npmjs.org/marked/-/marked-0.3.5.tgz",
          "integrity": "sha1-QROhWsXXvKFYpargciRYe5+hW5Q="
        }
      }
    },
    "sisyphus": {
      "version": "0.0.4",
      "resolved": "https://registry.npmjs.org/sisyphus/-/sisyphus-0.0.4.tgz",
      "integrity": "sha1-xHq0MiVXhDml2QIC1orgiUFW0gg=",
      "dependencies": {
        "express": {
          "version": "2.5.11",
          "resolved": "https://registry.npmjs.org/express/-/express-2.5.11.tgz",
          "integrity": "sha1-TOjqHzY15p5J8Ou0l7aksKUc5vA="
        },
        "mime": {
          "version": "1.2.4",
          "resolved": "https://registry.npmjs.org/mime/-/mime-1.2.4.tgz",
          "integrity": "sha1-EbX9rynCUJJVF2uArVIClPXekrc="
        },
        "mkdirp": {
          "version": "0.3.0",
          "resolved": "https://registry.npmjs.org/mkdirp/-/mkdirp-0.3.0.tgz",
          "integrity": "sha1-G79asbqCevI1dRQ0kEJkVfSB/h4="
        },
        "qs": {
          "version": "0.4.2",
          "resolved": "https://registry.npmjs.org/qs/-/qs-0.4.2.tgz",
          "integrity": "sha1-PKxMhh43GoycR3CsI82o3mObjl8="
        }
      }
    },
    "webpack-shell-plugin": {
      "version": "0.5.0",
      "resolved": "https://registry.npmjs.org/webpack-shell-plugin/-/webpack-shell-plugin-0.5.0.tgz",
      "integrity": "sha1-Kbih2A3erg3bEOcpZn9yhlPCx0I="
    }
  }
}
